
Microsoft Visual Studio Solution File, Format Version 12.00
# Visual Studio 14
VisualStudioVersion = 14.0.25420.1
MinimumVisualStudioVersion = 10.0.40219.1
Project("{FAE04EC0-301F-11D3-BF4B-00C04F79EFBC}") = "UnityGC", "UnityGC.csproj", "{831F52D4-10C8-4899-A8BB-DA1A6B272F79}"
EndProject
Project("{FAE04EC0-301F-11D3-BF4B-00C04F79EFBC}") = "UnityGCEditor", "UnityGCEditor.csproj", "{E882F714-8ADC-4FA8-8A64-A7385741CD26}"
EndProject
Global
	GlobalSection(SolutionConfigurationPlatforms) = preSolution
		Debug|Any CPU = Debug|Any CPU
		Release|Any CPU = Release|Any CPU
	EndGlobalSection
	GlobalSection(ProjectConfigurationPlatforms) = postSolution
		{831F52D4-10C8-4899-A8BB-DA1A6B272F79}.Debug|Any CPU.ActiveCfg = Release|Any CPU
		{831F52D4-10C8-4899-A8BB-DA1A6B272F79}.Debug|Any CPU.Build.0 = Release|Any CPU
		{831F52D4-10C8-4899-A8BB-DA1A6B272F79}.Release|Any CPU.ActiveCfg = Release|Any CPU
		{831F52D4-10C8-4899-A8BB-DA1A6B272F79}.Release|Any CPU.Build.0 = Release|Any CPU
		{E882F714-8ADC-4FA8-8A64-A7385741CD26}.Debug|Any CPU.ActiveCfg = Release|Any CPU
		{E882F714-8ADC-4FA8-8A64-A7385741CD26}.Debug|Any CPU.Build.0 = Release|Any CPU
		{E882F714-8ADC-4FA8-8A64-A7385741CD26}.Release|Any CPU.ActiveCfg = Release|Any CPU
		{E882F714-8ADC-4FA8-8A64-A7385741CD26}.Release|Any CPU.Build.0 = Release|Any CPU
	EndGlobalSection
	GlobalSection(SolutionProperties) = preSolution
		HideSolutionNode = FALSE
	EndGlobalSection
EndGlobal
